
Microsoft Visual Studio Solution File, Format Version 12.00
# Visual Studio Version 17
VisualStudioVersion = 17.10.34928.147
MinimumVisualStudioVersion = 10.0.40219.1
Project("{FAE04EC0-301F-11D3-BF4B-00C04F79EFBC}") = "LMS", "LMS\LMS.csproj", "{579B6D1E-7D06-4D5D-8882-6367F28FF323}"
EndProject
Global
	GlobalSection(SolutionConfigurationPlatforms) = preSolution
		Debug|Any CPU = Debug|Any CPU
		Release|Any CPU = Release|Any CPU
	EndGlobalSection
	GlobalSection(ProjectConfigurationPlatforms) = postSolution
		{579B6D1E-7D06-4D5D-8882-6367F28FF323}.Debug|Any CPU.ActiveCfg = Debug|Any CPU
		{579B6D1E-7D06-4D5D-8882-6367F28FF323}.Debug|Any CPU.Build.0 = Debug|Any CPU
		{579B6D1E-7D06-4D5D-8882-6367F28FF323}.Release|Any CPU.ActiveCfg = Release|Any CPU
		{579B6D1E-7D06-4D5D-8882-6367F28FF323}.Release|Any CPU.Build.0 = Release|Any CPU
	EndGlobalSection
	GlobalSection(SolutionProperties) = preSolution
		HideSolutionNode = FALSE
	EndGlobalSection
	GlobalSection(ExtensibilityGlobals) = postSolution
		SolutionGuid = {24B918E2-CCB2-4499-90A4-405611C9F763}
	EndGlobalSection
EndGlobal
